
Microsoft Visual Studio Solution File, Format Version 12.00
# Visual Studio Version 16
VisualStudioVersion = 16.0.30204.135
MinimumVisualStudioVersion = 10.0.40219.1
Project("{9A19103F-16F7-4668-BE54-9A1E7A4F7556}") = "RiversECO.API", "RiversECO.API\RiversECO.API.csproj", "{5375142A-711E-494E-B695-83EA7CFAD511}"
EndProject
Project("{2150E333-8FDC-42A3-9474-1A3956D46DE8}") = "Data Access Layer", "Data Access Layer", "{710B5665-9735-4D56-A7C5-250A051B20F3}"
EndProject
Project("{2150E333-8FDC-42A3-9474-1A3956D46DE8}") = "Domain", "Domain", "{4456BF15-3750-4C97-B554-9DD1934A24F6}"
EndProject
Project("{2150E333-8FDC-42A3-9474-1A3956D46DE8}") = "Bussines Layer", "Bussines Layer", "{16EDFDE6-B130-41C8-B7E1-62611F2DAEA9}"
EndProject
Project("{9A19103F-16F7-4668-BE54-9A1E7A4F7556}") = "RiversECO.Services", "RiversECO.Services\RiversECO.Services.csproj", "{C9E9ACC6-027A-407E-A8F0-C86934DD8B1C}"
EndProject
Project("{9A19103F-16F7-4668-BE54-9A1E7A4F7556}") = "RiversECO.Common", "RiversECO.Common\RiversECO.Common.csproj", "{6E67A81C-A410-4FDF-8C0B-B138D03C387A}"
EndProject
Project("{9A19103F-16F7-4668-BE54-9A1E7A4F7556}") = "RiversECO.Contracts", "RiversECO.Contracts\RiversECO.Contracts.csproj", "{31F12451-4EB9-4727-A7DF-BF52FFD7561F}"
EndProject
Project("{9A19103F-16F7-4668-BE54-9A1E7A4F7556}") = "RiversECO.Repositories", "RiversECO.Repositories\RiversECO.Repositories.csproj", "{79B70E49-0D23-462D-991C-CD9655CF52BD}"
EndProject
Project("{9A19103F-16F7-4668-BE54-9A1E7A4F7556}") = "RiversECO.Dtos", "RiversECO.Dtos\RiversECO.Dtos.csproj", "{7320EA69-642D-4B00-B9D6-0BFDBA322E10}"
EndProject
Project("{9A19103F-16F7-4668-BE54-9A1E7A4F7556}") = "RiversECO.Models", "RiversECO.Models\RiversECO.Models.csproj", "{D2434783-FA8B-410F-9AAA-150188590D35}"
EndProject
Project("{9A19103F-16F7-4668-BE54-9A1E7A4F7556}") = "RiversECO.DataContext", "RiversECO.DataContext\RiversECO.DataContext.csproj", "{6A89E7F2-8E45-4C16-97B8-D0A9C4C61996}"
EndProject
Project("{2150E333-8FDC-42A3-9474-1A3956D46DE8}") = "Tools", "Tools", "{86D17F00-79F9-4CCF-88D7-905A811DA619}"
EndProject
Project("{9A19103F-16F7-4668-BE54-9A1E7A4F7556}") = "RiversECO.GeoJSONMigrationTool", "Tools\RiversECO.GeoJSONMigrationTool\RiversECO.GeoJSONMigrationTool.csproj", "{DA0CE223-FD48-4234-A3F5-2A4FD97FFB02}"
EndProject
Project("{9A19103F-16F7-4668-BE54-9A1E7A4F7556}") = "RiversECO.Cache", "RiversECO.Cache\RiversECO.Cache.csproj", "{08FE2279-2968-48DB-A654-B6D7FE0C90E4}"
EndProject
Project("{2150E333-8FDC-42A3-9474-1A3956D46DE8}") = "Plugins", "Plugins", "{68BC0997-0D39-4ED2-A202-D071118B76A7}"
EndProject
Project("{FAE04EC0-301F-11D3-BF4B-00C04F79EFBC}") = "RiversECO.WebPageParser", "Plugins\RiversECO.WebPageParser\RiversECO.WebPageParser.csproj", "{2979C84C-C169-467E-81D0-AE610ADF2C4E}"
EndProject
Project("{2150E333-8FDC-42A3-9474-1A3956D46DE8}") = "Tests", "Tests", "{E7EFC1CD-673B-49E9-9668-E69806E36B7B}"
EndProject
Project("{2150E333-8FDC-42A3-9474-1A3956D46DE8}") = "PluginsTests", "PluginsTests", "{8AC40347-D7A3-463C-B6BE-E26A8706DA30}"
EndProject
Project("{FAE04EC0-301F-11D3-BF4B-00C04F79EFBC}") = "WebPageParserTests", "Tests\WebPageParserTests\WebPageParserTests.csproj", "{659B6D12-4EB0-40D4-B996-DA7CE970E56C}"
EndProject
Global
	GlobalSection(SolutionConfigurationPlatforms) = preSolution
		Debug|Any CPU = Debug|Any CPU
		Release|Any CPU = Release|Any CPU
	EndGlobalSection
	GlobalSection(ProjectConfigurationPlatforms) = postSolution
		{5375142A-711E-494E-B695-83EA7CFAD511}.Debug|Any CPU.ActiveCfg = Debug|Any CPU
		{5375142A-711E-494E-B695-83EA7CFAD511}.Debug|Any CPU.Build.0 = Debug|Any CPU
		{5375142A-711E-494E-B695-83EA7CFAD511}.Release|Any CPU.ActiveCfg = Release|Any CPU
		{5375142A-711E-494E-B695-83EA7CFAD511}.Release|Any CPU.Build.0 = Release|Any CPU
		{C9E9ACC6-027A-407E-A8F0-C86934DD8B1C}.Debug|Any CPU.ActiveCfg = Debug|Any CPU
		{C9E9ACC6-027A-407E-A8F0-C86934DD8B1C}.Debug|Any CPU.Build.0 = Debug|Any CPU
		{C9E9ACC6-027A-407E-A8F0-C86934DD8B1C}.Release|Any CPU.ActiveCfg = Release|Any CPU
		{C9E9ACC6-027A-407E-A8F0-C86934DD8B1C}.Release|Any CPU.Build.0 = Release|Any CPU
		{6E67A81C-A410-4FDF-8C0B-B138D03C387A}.Debug|Any CPU.ActiveCfg = Debug|Any CPU
		{6E67A81C-A410-4FDF-8C0B-B138D03C387A}.Debug|Any CPU.Build.0 = Debug|Any CPU
		{6E67A81C-A410-4FDF-8C0B-B138D03C387A}.Release|Any CPU.ActiveCfg = Release|Any CPU
		{6E67A81C-A410-4FDF-8C0B-B138D03C387A}.Release|Any CPU.Build.0 = Release|Any CPU
		{31F12451-4EB9-4727-A7DF-BF52FFD7561F}.Debug|Any CPU.ActiveCfg = Debug|Any CPU
		{31F12451-4EB9-4727-A7DF-BF52FFD7561F}.Debug|Any CPU.Build.0 = Debug|Any CPU
		{31F12451-4EB9-4727-A7DF-BF52FFD7561F}.Release|Any CPU.ActiveCfg = Release|Any CPU
		{31F12451-4EB9-4727-A7DF-BF52FFD7561F}.Release|Any CPU.Build.0 = Release|Any CPU
		{79B70E49-0D23-462D-991C-CD9655CF52BD}.Debug|Any CPU.ActiveCfg = Debug|Any CPU
		{79B70E49-0D23-462D-991C-CD9655CF52BD}.Debug|Any CPU.Build.0 = Debug|Any CPU
		{79B70E49-0D23-462D-991C-CD9655CF52BD}.Release|Any CPU.ActiveCfg = Release|Any CPU
		{79B70E49-0D23-462D-991C-CD9655CF52BD}.Release|Any CPU.Build.0 = Release|Any CPU
		{7320EA69-642D-4B00-B9D6-0BFDBA322E10}.Debug|Any CPU.ActiveCfg = Debug|Any CPU
		{7320EA69-642D-4B00-B9D6-0BFDBA322E10}.Debug|Any CPU.Build.0 = Debug|Any CPU
		{7320EA69-642D-4B00-B9D6-0BFDBA322E10}.Release|Any CPU.ActiveCfg = Release|Any CPU
		{7320EA69-642D-4B00-B9D6-0BFDBA322E10}.Release|Any CPU.Build.0 = Release|Any CPU
		{D2434783-FA8B-410F-9AAA-150188590D35}.Debug|Any CPU.ActiveCfg = Debug|Any CPU
		{D2434783-FA8B-410F-9AAA-150188590D35}.Debug|Any CPU.Build.0 = Debug|Any CPU
		{D2434783-FA8B-410F-9AAA-150188590D35}.Release|Any CPU.ActiveCfg = Release|Any CPU
		{D2434783-FA8B-410F-9AAA-150188590D35}.Release|Any CPU.Build.0 = Release|Any CPU
		{6A89E7F2-8E45-4C16-97B8-D0A9C4C61996}.Debug|Any CPU.ActiveCfg = Debug|Any CPU
		{6A89E7F2-8E45-4C16-97B8-D0A9C4C61996}.Debug|Any CPU.Build.0 = Debug|Any CPU
		{6A89E7F2-8E45-4C16-97B8-D0A9C4C61996}.Release|Any CPU.ActiveCfg = Release|Any CPU
		{6A89E7F2-8E45-4C16-97B8-D0A9C4C61996}.Release|Any CPU.Build.0 = Release|Any CPU
		{DA0CE223-FD48-4234-A3F5-2A4FD97FFB02}.Debug|Any CPU.ActiveCfg = Debug|Any CPU
		{DA0CE223-FD48-4234-A3F5-2A4FD97FFB02}.Debug|Any CPU.Build.0 = Debug|Any CPU
		{DA0CE223-FD48-4234-A3F5-2A4FD97FFB02}.Release|Any CPU.ActiveCfg = Release|Any CPU
		{DA0CE223-FD48-4234-A3F5-2A4FD97FFB02}.Release|Any CPU.Build.0 = Release|Any CPU
		{08FE2279-2968-48DB-A654-B6D7FE0C90E4}.Debug|Any CPU.ActiveCfg = Debug|Any CPU
		{08FE2279-2968-48DB-A654-B6D7FE0C90E4}.Debug|Any CPU.Build.0 = Debug|Any CPU
		{08FE2279-2968-48DB-A654-B6D7FE0C90E4}.Release|Any CPU.ActiveCfg = Release|Any CPU
		{08FE2279-2968-48DB-A654-B6D7FE0C90E4}.Release|Any CPU.Build.0 = Release|Any CPU
		{2979C84C-C169-467E-81D0-AE610ADF2C4E}.Debug|Any CPU.ActiveCfg = Debug|Any CPU
		{2979C84C-C169-467E-81D0-AE610ADF2C4E}.Debug|Any CPU.Build.0 = Debug|Any CPU
		{2979C84C-C169-467E-81D0-AE610ADF2C4E}.Release|Any CPU.ActiveCfg = Release|Any CPU
		{2979C84C-C169-467E-81D0-AE610ADF2C4E}.Release|Any CPU.Build.0 = Release|Any CPU
		{659B6D12-4EB0-40D4-B996-DA7CE970E56C}.Debug|Any CPU.ActiveCfg = Debug|Any CPU
		{659B6D12-4EB0-40D4-B996-DA7CE970E56C}.Debug|Any CPU.Build.0 = Debug|Any CPU
		{659B6D12-4EB0-40D4-B996-DA7CE970E56C}.Release|Any CPU.ActiveCfg = Release|Any CPU
		{659B6D12-4EB0-40D4-B996-DA7CE970E56C}.Release|Any CPU.Build.0 = Release|Any CPU
	EndGlobalSection
	GlobalSection(SolutionProperties) = preSolution
		HideSolutionNode = FALSE
	EndGlobalSection
	GlobalSection(NestedProjects) = preSolution
		{C9E9ACC6-027A-407E-A8F0-C86934DD8B1C} = {16EDFDE6-B130-41C8-B7E1-62611F2DAEA9}
		{6E67A81C-A410-4FDF-8C0B-B138D03C387A} = {4456BF15-3750-4C97-B554-9DD1934A24F6}
		{31F12451-4EB9-4727-A7DF-BF52FFD7561F} = {4456BF15-3750-4C97-B554-9DD1934A24F6}
		{79B70E49-0D23-462D-991C-CD9655CF52BD} = {16EDFDE6-B130-41C8-B7E1-62611F2DAEA9}
		{7320EA69-642D-4B00-B9D6-0BFDBA322E10} = {4456BF15-3750-4C97-B554-9DD1934A24F6}
		{D2434783-FA8B-410F-9AAA-150188590D35} = {710B5665-9735-4D56-A7C5-250A051B20F3}
		{6A89E7F2-8E45-4C16-97B8-D0A9C4C61996} = {710B5665-9735-4D56-A7C5-250A051B20F3}
		{DA0CE223-FD48-4234-A3F5-2A4FD97FFB02} = {86D17F00-79F9-4CCF-88D7-905A811DA619}
		{08FE2279-2968-48DB-A654-B6D7FE0C90E4} = {710B5665-9735-4D56-A7C5-250A051B20F3}
		{2979C84C-C169-467E-81D0-AE610ADF2C4E} = {68BC0997-0D39-4ED2-A202-D071118B76A7}
		{8AC40347-D7A3-463C-B6BE-E26A8706DA30} = {E7EFC1CD-673B-49E9-9668-E69806E36B7B}
		{659B6D12-4EB0-40D4-B996-DA7CE970E56C} = {8AC40347-D7A3-463C-B6BE-E26A8706DA30}
	EndGlobalSection
	GlobalSection(ExtensibilityGlobals) = postSolution
		SolutionGuid = {E219BF0C-B3B8-4650-A94F-048778D1E2BF}
	EndGlobalSection
EndGlobal
