
Microsoft Visual Studio Solution File, Format Version 12.00
# Visual Studio Version 16
VisualStudioVersion = 16.0.30204.135
MinimumVisualStudioVersion = 10.0.40219.1
Project("{9A19103F-16F7-4668-BE54-9A1E7A4F7556}") = "RiversECO.API", "RiversECO.API\RiversECO.API.csproj", "{5375142A-711E-494E-B695-83EA7CFAD511}"
EndProject
Project("{2150E333-8FDC-42A3-9474-1A3956D46DE8}") = "Data Access Layer", "Data Access Layer", "{710B5665-9735-4D56-A7C5-250A051B20F3}"
EndProject
Project("{2150E333-8FDC-42A3-9474-1A3956D46DE8}") = "Domain", "Domain", "{4456BF15-3750-4C97-B554-9DD1934A24F6}"
EndProject
Project("{2150E333-8FDC-42A3-9474-1A3956D46DE8}") = "Bussines Layer", "Bussines Layer", "{16EDFDE6-B130-41C8-B7E1-62611F2DAEA9}"
EndProject
Project("{9A19103F-16F7-4668-BE54-9A1E7A4F7556}") = "RiversECO.Services", "RiversECO.Services\RiversECO.Services.csproj", "{C9E9ACC6-027A-407E-A8F0-C86934DD8B1C}"
EndProject
Project("{FAE04EC0-301F-11D3-BF4B-00C04F79EFBC}") = "RiversECO.Common", "RiversECO.Common\RiversECO.Common.csproj", "{6E67A81C-A410-4FDF-8C0B-B138D03C387A}"
EndProject
Project("{FAE04EC0-301F-11D3-BF4B-00C04F79EFBC}") = "RiversECO.Contracts", "RiversECO.Contracts\RiversECO.Contracts.csproj", "{31F12451-4EB9-4727-A7DF-BF52FFD7561F}"
EndProject
Project("{FAE04EC0-301F-11D3-BF4B-00C04F79EFBC}") = "RiversECO.Repositories", "RiversECO.Repositories\RiversECO.Repositories.csproj", "{79B70E49-0D23-462D-991C-CD9655CF52BD}"
EndProject
Project("{FAE04EC0-301F-11D3-BF4B-00C04F79EFBC}") = "RiversECO.Dtos", "RiversECO.Dtos\RiversECO.Dtos.csproj", "{7320EA69-642D-4B00-B9D6-0BFDBA322E10}"
EndProject
Project("{FAE04EC0-301F-11D3-BF4B-00C04F79EFBC}") = "RiversECO.Models", "RiversECO.Models\RiversECO.Models.csproj", "{D2434783-FA8B-410F-9AAA-150188590D35}"
EndProject
Global
	GlobalSection(SolutionConfigurationPlatforms) = preSolution
		Debug|Any CPU = Debug|Any CPU
		Release|Any CPU = Release|Any CPU
	EndGlobalSection
	GlobalSection(ProjectConfigurationPlatforms) = postSolution
		{5375142A-711E-494E-B695-83EA7CFAD511}.Debug|Any CPU.ActiveCfg = Debug|Any CPU
		{5375142A-711E-494E-B695-83EA7CFAD511}.Debug|Any CPU.Build.0 = Debug|Any CPU
		{5375142A-711E-494E-B695-83EA7CFAD511}.Release|Any CPU.ActiveCfg = Release|Any CPU
		{5375142A-711E-494E-B695-83EA7CFAD511}.Release|Any CPU.Build.0 = Release|Any CPU
		{C9E9ACC6-027A-407E-A8F0-C86934DD8B1C}.Debug|Any CPU.ActiveCfg = Debug|Any CPU
		{C9E9ACC6-027A-407E-A8F0-C86934DD8B1C}.Debug|Any CPU.Build.0 = Debug|Any CPU
		{C9E9ACC6-027A-407E-A8F0-C86934DD8B1C}.Release|Any CPU.ActiveCfg = Release|Any CPU
		{C9E9ACC6-027A-407E-A8F0-C86934DD8B1C}.Release|Any CPU.Build.0 = Release|Any CPU
		{6E67A81C-A410-4FDF-8C0B-B138D03C387A}.Debug|Any CPU.ActiveCfg = Debug|Any CPU
		{6E67A81C-A410-4FDF-8C0B-B138D03C387A}.Debug|Any CPU.Build.0 = Debug|Any CPU
		{6E67A81C-A410-4FDF-8C0B-B138D03C387A}.Release|Any CPU.ActiveCfg = Release|Any CPU
		{6E67A81C-A410-4FDF-8C0B-B138D03C387A}.Release|Any CPU.Build.0 = Release|Any CPU
		{31F12451-4EB9-4727-A7DF-BF52FFD7561F}.Debug|Any CPU.ActiveCfg = Debug|Any CPU
		{31F12451-4EB9-4727-A7DF-BF52FFD7561F}.Debug|Any CPU.Build.0 = Debug|Any CPU
		{31F12451-4EB9-4727-A7DF-BF52FFD7561F}.Release|Any CPU.ActiveCfg = Release|Any CPU
		{31F12451-4EB9-4727-A7DF-BF52FFD7561F}.Release|Any CPU.Build.0 = Release|Any CPU
		{79B70E49-0D23-462D-991C-CD9655CF52BD}.Debug|Any CPU.ActiveCfg = Debug|Any CPU
		{79B70E49-0D23-462D-991C-CD9655CF52BD}.Debug|Any CPU.Build.0 = Debug|Any CPU
		{79B70E49-0D23-462D-991C-CD9655CF52BD}.Release|Any CPU.ActiveCfg = Release|Any CPU
		{79B70E49-0D23-462D-991C-CD9655CF52BD}.Release|Any CPU.Build.0 = Release|Any CPU
		{7320EA69-642D-4B00-B9D6-0BFDBA322E10}.Debug|Any CPU.ActiveCfg = Debug|Any CPU
		{7320EA69-642D-4B00-B9D6-0BFDBA322E10}.Debug|Any CPU.Build.0 = Debug|Any CPU
		{7320EA69-642D-4B00-B9D6-0BFDBA322E10}.Release|Any CPU.ActiveCfg = Release|Any CPU
		{7320EA69-642D-4B00-B9D6-0BFDBA322E10}.Release|Any CPU.Build.0 = Release|Any CPU
		{D2434783-FA8B-410F-9AAA-150188590D35}.Debug|Any CPU.ActiveCfg = Debug|Any CPU
		{D2434783-FA8B-410F-9AAA-150188590D35}.Debug|Any CPU.Build.0 = Debug|Any CPU
		{D2434783-FA8B-410F-9AAA-150188590D35}.Release|Any CPU.ActiveCfg = Release|Any CPU
		{D2434783-FA8B-410F-9AAA-150188590D35}.Release|Any CPU.Build.0 = Release|Any CPU
	EndGlobalSection
	GlobalSection(SolutionProperties) = preSolution
		HideSolutionNode = FALSE
	EndGlobalSection
	GlobalSection(NestedProjects) = preSolution
		{C9E9ACC6-027A-407E-A8F0-C86934DD8B1C} = {16EDFDE6-B130-41C8-B7E1-62611F2DAEA9}
		{6E67A81C-A410-4FDF-8C0B-B138D03C387A} = {4456BF15-3750-4C97-B554-9DD1934A24F6}
		{31F12451-4EB9-4727-A7DF-BF52FFD7561F} = {4456BF15-3750-4C97-B554-9DD1934A24F6}
		{79B70E49-0D23-462D-991C-CD9655CF52BD} = {710B5665-9735-4D56-A7C5-250A051B20F3}
		{7320EA69-642D-4B00-B9D6-0BFDBA322E10} = {4456BF15-3750-4C97-B554-9DD1934A24F6}
		{D2434783-FA8B-410F-9AAA-150188590D35} = {710B5665-9735-4D56-A7C5-250A051B20F3}
	EndGlobalSection
	GlobalSection(ExtensibilityGlobals) = postSolution
		SolutionGuid = {E219BF0C-B3B8-4650-A94F-048778D1E2BF}
	EndGlobalSection
EndGlobal
